
Microsoft Visual Studio Solution File, Format Version 12.00
# Visual Studio Version 16
VisualStudioVersion = 16.0.31729.503
MinimumVisualStudioVersion = 10.0.40219.1
Project("{FAE04EC0-301F-11D3-BF4B-00C04F79EFBC}") = "ServerConfigRest_20190140098_MuhammadFariza", "ServerConfigRest_20190140098_MuhammadFariza\ServerConfigRest_20190140098_MuhammadFariza.csproj", "{7E5E3586-B9A8-4200-A19A-9155623CE9A6}"
EndProject
Global
	GlobalSection(SolutionConfigurationPlatforms) = preSolution
		Debug|Any CPU = Debug|Any CPU
		Release|Any CPU = Release|Any CPU
	EndGlobalSection
	GlobalSection(ProjectConfigurationPlatforms) = postSolution
		{7E5E3586-B9A8-4200-A19A-9155623CE9A6}.Debug|Any CPU.ActiveCfg = Debug|Any CPU
		{7E5E3586-B9A8-4200-A19A-9155623CE9A6}.Debug|Any CPU.Build.0 = Debug|Any CPU
		{7E5E3586-B9A8-4200-A19A-9155623CE9A6}.Release|Any CPU.ActiveCfg = Release|Any CPU
		{7E5E3586-B9A8-4200-A19A-9155623CE9A6}.Release|Any CPU.Build.0 = Release|Any CPU
	EndGlobalSection
	GlobalSection(SolutionProperties) = preSolution
		HideSolutionNode = FALSE
	EndGlobalSection
	GlobalSection(ExtensibilityGlobals) = postSolution
		SolutionGuid = {F8EDB0DB-CC2A-46A0-B193-4EA680440DC1}
	EndGlobalSection
EndGlobal
